{
    "version": 3,
    "terraform_version": "0.11.13",
    "serial": 51,
    "lineage": "4d56f7cd-2fd1-4b06-c26b-1f9228d397f5",
    "modules": [
        {
            "path": [
                "root"
            ],
            "outputs": {},
            "resources": {
                "aws_eip.default": {
                    "type": "aws_eip",
                    "depends_on": [
                        "aws_instance.my_jenkins"
                    ],
                    "primary": {
                        "id": "eipalloc-02aa5187182c70403",
                        "attributes": {
                            "association_id": "eipassoc-002e67dbd096ff153",
                            "domain": "vpc",
                            "id": "eipalloc-02aa5187182c70403",
                            "instance": "i-0dff1ca28d33d2625",
                            "network_interface": "eni-0aa855ddf1754fff8",
                            "private_dns": "ip-10-0-1-198.eu-west-2.compute.internal",
                            "private_ip": "10.0.1.198",
                            "public_dns": "ec2-35-176-229-226.eu-west-2.compute.amazonaws.com",
                            "public_ip": "35.176.229.226",
                            "public_ipv4_pool": "amazon",
                            "tags.%": "0",
                            "vpc": "true"
                        },
                        "meta": {
                            "e2bfb730-ecaa-11e6-8f88-34363bc7c4c0": {
                                "delete": 180000000000,
                                "read": 900000000000,
                                "update": 300000000000
                            }
                        },
                        "tainted": false
                    },
                    "deposed": [],
                    "provider": "provider.aws"
                },
                "aws_instance.my_jenkins": {
                    "type": "aws_instance",
                    "depends_on": [
                        "aws_key_pair.mykey",
                        "aws_security_group.allow_ssh",
                        "aws_subnet.public"
                    ],
                    "primary": {
                        "id": "i-0dff1ca28d33d2625",
                        "attributes": {
                            "ami": "ami-01419b804382064e4",
                            "arn": "arn:aws:ec2:eu-west-2:969613056480:instance/i-0dff1ca28d33d2625",
                            "associate_public_ip_address": "true",
                            "availability_zone": "eu-west-2c",
                            "cpu_core_count": "1",
                            "cpu_threads_per_core": "1",
                            "credit_specification.#": "1",
                            "credit_specification.0.cpu_credits": "standard",
                            "disable_api_termination": "false",
                            "ebs_block_device.#": "0",
                            "ebs_optimized": "false",
                            "ephemeral_block_device.#": "0",
                            "get_password_data": "false",
                            "iam_instance_profile": "",
                            "id": "i-0dff1ca28d33d2625",
                            "instance_state": "running",
                            "instance_type": "t2.micro",
                            "ipv6_addresses.#": "0",
                            "key_name": "mykey",
                            "monitoring": "false",
                            "network_interface.#": "0",
                            "password_data": "",
                            "placement_group": "",
                            "primary_network_interface_id": "eni-0aa855ddf1754fff8",
                            "private_dns": "ip-10-0-1-198.eu-west-2.compute.internal",
                            "private_ip": "10.0.1.198",
                            "public_dns": "ec2-35-176-229-226.eu-west-2.compute.amazonaws.com",
                            "public_ip": "35.176.229.226",
                            "root_block_device.#": "1",
                            "root_block_device.0.delete_on_termination": "true",
                            "root_block_device.0.iops": "100",
                            "root_block_device.0.volume_id": "vol-07e2dd7051f3da64a",
                            "root_block_device.0.volume_size": "8",
                            "root_block_device.0.volume_type": "gp2",
                            "security_groups.#": "0",
                            "source_dest_check": "true",
                            "subnet_id": "subnet-0e9590569d8104da2",
                            "tags.%": "1",
                            "tags.Name": "bal jenkins",
                            "tenancy": "default",
                            "user_data": "bcb7f55e81d7736602b51d5b04ad872103bdcacd",
                            "volume_tags.%": "0",
                            "vpc_security_group_ids.#": "1",
                            "vpc_security_group_ids.195140576": "sg-020be0f45b5618105"
                        },
                        "meta": {
                            "e2bfb730-ecaa-11e6-8f88-34363bc7c4c0": {
                                "create": 600000000000,
                                "delete": 1200000000000,
                                "update": 600000000000
                            },
                            "schema_version": "1"
                        },
                        "tainted": false
                    },
                    "deposed": [],
                    "provider": "provider.aws"
                },
                "aws_instance.my_jenkins2": {
                    "type": "aws_instance",
                    "depends_on": [
                        "aws_key_pair.mykey",
                        "aws_security_group.allow_ssh",
                        "aws_subnet.public"
                    ],
                    "primary": {
                        "id": "i-0c7b07f86aac7b216",
                        "attributes": {
                            "ami": "ami-01419b804382064e4",
                            "arn": "arn:aws:ec2:eu-west-2:969613056480:instance/i-0c7b07f86aac7b216",
                            "associate_public_ip_address": "true",
                            "availability_zone": "eu-west-2c",
                            "cpu_core_count": "1",
                            "cpu_threads_per_core": "1",
                            "credit_specification.#": "1",
                            "credit_specification.0.cpu_credits": "standard",
                            "disable_api_termination": "false",
                            "ebs_block_device.#": "0",
                            "ebs_optimized": "false",
                            "ephemeral_block_device.#": "0",
                            "get_password_data": "false",
                            "iam_instance_profile": "",
                            "id": "i-0c7b07f86aac7b216",
                            "instance_state": "running",
                            "instance_type": "t2.micro",
                            "ipv6_addresses.#": "0",
                            "key_name": "mykey",
                            "monitoring": "false",
                            "network_interface.#": "0",
                            "password_data": "",
                            "placement_group": "",
                            "primary_network_interface_id": "eni-052c34cc7df7f8916",
                            "private_dns": "ip-10-0-1-48.eu-west-2.compute.internal",
                            "private_ip": "10.0.1.48",
                            "public_dns": "ec2-35-177-216-179.eu-west-2.compute.amazonaws.com",
                            "public_ip": "35.177.216.179",
                            "root_block_device.#": "1",
                            "root_block_device.0.delete_on_termination": "true",
                            "root_block_device.0.iops": "100",
                            "root_block_device.0.volume_id": "vol-0b4a004ed01cfec36",
                            "root_block_device.0.volume_size": "8",
                            "root_block_device.0.volume_type": "gp2",
                            "security_groups.#": "0",
                            "source_dest_check": "true",
                            "subnet_id": "subnet-0e9590569d8104da2",
                            "tags.%": "1",
                            "tags.Name": "bal jenkins2",
                            "tenancy": "default",
                            "volume_tags.%": "0",
                            "vpc_security_group_ids.#": "1",
                            "vpc_security_group_ids.195140576": "sg-020be0f45b5618105"
                        },
                        "meta": {
                            "e2bfb730-ecaa-11e6-8f88-34363bc7c4c0": {
                                "create": 600000000000,
                                "delete": 1200000000000,
                                "update": 600000000000
                            },
                            "schema_version": "1"
                        },
                        "tainted": false
                    },
                    "deposed": [],
                    "provider": "provider.aws"
                },
                "aws_internet_gateway.gw": {
                    "type": "aws_internet_gateway",
                    "depends_on": [
                        "aws_vpc.main"
                    ],
                    "primary": {
                        "id": "igw-02f12b0dca7cb0ceb",
                        "attributes": {
                            "id": "igw-02f12b0dca7cb0ceb",
                            "owner_id": "969613056480",
                            "tags.%": "1",
                            "tags.Name": "bal",
                            "vpc_id": "vpc-005e85e28ad6b0b58"
                        },
                        "meta": {},
                        "tainted": false
                    },
                    "deposed": [],
                    "provider": "provider.aws"
                },
                "aws_key_pair.mykey": {
                    "type": "aws_key_pair",
                    "depends_on": [],
                    "primary": {
                        "id": "mykey",
                        "attributes": {
                            "fingerprint": "69:8c:2c:2e:2c:9f:e6:35:1f:cc:f4:7e:28:ba:01:e7",
                            "id": "mykey",
                            "key_name": "mykey",
                            "public_key": "ssh-rsa AAAAB3NzaC1yc2EAAAADAQABAAACAQDT9C8aBl4uKuZ/25WLnt1aGeXecns0gaihTfBuEELbXMZHw8nJJUJ0pQzX3Qmg7DNDFLMEd2cx01kBruFzaZDjuldkbHSuG1R+tpU/RdITl/1daB+FlgophWeiz4TCIfXRFso828fEJKluibtW+udwCGpMPmpVf+yBEgoe1yfGRx8/j2Y0lhUdjSKhjvGY3ytHAdjboPsRFwixnxGyMa4wG48Dc7RU2pcAOGFAdrnWqunqVaHjpAOT1SO7xbh3rSRSK6Jcn6rtWgfMam3VC/4aG/Df7JMMCD3TznaNFtpCc38faNzniqRIlOdkpGgVsQz4wm0+NeCv5y6jcDV/f8c5pI7FdM3I7erITa1CguvOKOMMFIPVOU/HTewwgP14ATHP1fbUM8xjN/glIguTDQafGAKaGgrcOE4nHqd4hjtxgJvcWwitg0DiNqpBnU99MEPpILtkWZTlr8MTl60VAFkv5WmFSUMJVVL8xd47cX0qwD66utX31CcEbM8qGMKaHDfR3NohFZH4K15h5uPZoVPJ8677FwevM4I5Y6hv3bTKf1A28IAUI26xIB7iY04q0ho7wrSeEVvtcV7gslGF5OjAmBPSOHe3kJhnN8sBV5xBBBvz8oz0R4dQ+iePEsApC4n+FUduzpjNgbAvQa3nLCVyMYunSPRTy11AkQRUSCQc6w== baljitbhadare@Gorilla.local"
                        },
                        "meta": {
                            "schema_version": "1"
                        },
                        "tainted": false
                    },
                    "deposed": [],
                    "provider": "provider.aws"
                },
                "aws_route_table.private": {
                    "type": "aws_route_table",
                    "depends_on": [
                        "aws_vpc.main"
                    ],
                    "primary": {
                        "id": "rtb-035a27c544cde410e",
                        "attributes": {
                            "id": "rtb-035a27c544cde410e",
                            "owner_id": "969613056480",
                            "propagating_vgws.#": "0",
                            "route.#": "0",
                            "tags.%": "1",
                            "tags.Name": "custom private",
                            "vpc_id": "vpc-005e85e28ad6b0b58"
                        },
                        "meta": {},
                        "tainted": false
                    },
                    "deposed": [],
                    "provider": "provider.aws"
                },
                "aws_route_table.public": {
                    "type": "aws_route_table",
                    "depends_on": [
                        "aws_internet_gateway.gw",
                        "aws_vpc.main"
                    ],
                    "primary": {
                        "id": "rtb-076935cfe8bfcd917",
                        "attributes": {
                            "id": "rtb-076935cfe8bfcd917",
                            "owner_id": "969613056480",
                            "propagating_vgws.#": "0",
                            "route.#": "1",
                            "route.677374552.cidr_block": "0.0.0.0/0",
                            "route.677374552.egress_only_gateway_id": "",
                            "route.677374552.gateway_id": "igw-02f12b0dca7cb0ceb",
                            "route.677374552.instance_id": "",
                            "route.677374552.ipv6_cidr_block": "",
                            "route.677374552.nat_gateway_id": "",
                            "route.677374552.network_interface_id": "",
                            "route.677374552.transit_gateway_id": "",
                            "route.677374552.vpc_peering_connection_id": "",
                            "tags.%": "1",
                            "tags.Name": "public",
                            "vpc_id": "vpc-005e85e28ad6b0b58"
                        },
                        "meta": {},
                        "tainted": false
                    },
                    "deposed": [],
                    "provider": "provider.aws"
                },
                "aws_route_table_association.public": {
                    "type": "aws_route_table_association",
                    "depends_on": [
                        "aws_route_table.public",
                        "aws_subnet.public"
                    ],
                    "primary": {
                        "id": "rtbassoc-0ab16bfbc11c85a31",
                        "attributes": {
                            "id": "rtbassoc-0ab16bfbc11c85a31",
                            "route_table_id": "rtb-076935cfe8bfcd917",
                            "subnet_id": "subnet-0e9590569d8104da2"
                        },
                        "meta": {},
                        "tainted": false
                    },
                    "deposed": [],
                    "provider": "provider.aws"
                },
                "aws_security_group.allow_ssh": {
                    "type": "aws_security_group",
                    "depends_on": [
                        "aws_vpc.main"
                    ],
                    "primary": {
                        "id": "sg-020be0f45b5618105",
                        "attributes": {
                            "arn": "arn:aws:ec2:eu-west-2:969613056480:security-group/sg-020be0f45b5618105",
                            "description": "Managed by Terraform",
                            "egress.#": "1",
                            "egress.482069346.cidr_blocks.#": "1",
                            "egress.482069346.cidr_blocks.0": "0.0.0.0/0",
                            "egress.482069346.description": "",
                            "egress.482069346.from_port": "0",
                            "egress.482069346.ipv6_cidr_blocks.#": "0",
                            "egress.482069346.prefix_list_ids.#": "0",
                            "egress.482069346.protocol": "-1",
                            "egress.482069346.security_groups.#": "0",
                            "egress.482069346.self": "false",
                            "egress.482069346.to_port": "0",
                            "id": "sg-020be0f45b5618105",
                            "ingress.#": "3",
                            "ingress.2214680975.cidr_blocks.#": "1",
                            "ingress.2214680975.cidr_blocks.0": "0.0.0.0/0",
                            "ingress.2214680975.description": "",
                            "ingress.2214680975.from_port": "80",
                            "ingress.2214680975.ipv6_cidr_blocks.#": "0",
                            "ingress.2214680975.prefix_list_ids.#": "0",
                            "ingress.2214680975.protocol": "tcp",
                            "ingress.2214680975.security_groups.#": "0",
                            "ingress.2214680975.self": "false",
                            "ingress.2214680975.to_port": "80",
                            "ingress.2541437006.cidr_blocks.#": "1",
                            "ingress.2541437006.cidr_blocks.0": "0.0.0.0/0",
                            "ingress.2541437006.description": "",
                            "ingress.2541437006.from_port": "22",
                            "ingress.2541437006.ipv6_cidr_blocks.#": "0",
                            "ingress.2541437006.prefix_list_ids.#": "0",
                            "ingress.2541437006.protocol": "tcp",
                            "ingress.2541437006.security_groups.#": "0",
                            "ingress.2541437006.self": "false",
                            "ingress.2541437006.to_port": "22",
                            "ingress.516175195.cidr_blocks.#": "1",
                            "ingress.516175195.cidr_blocks.0": "0.0.0.0/0",
                            "ingress.516175195.description": "",
                            "ingress.516175195.from_port": "8080",
                            "ingress.516175195.ipv6_cidr_blocks.#": "0",
                            "ingress.516175195.prefix_list_ids.#": "0",
                            "ingress.516175195.protocol": "tcp",
                            "ingress.516175195.security_groups.#": "0",
                            "ingress.516175195.self": "false",
                            "ingress.516175195.to_port": "8080",
                            "name": "allow_ssh",
                            "owner_id": "969613056480",
                            "revoke_rules_on_delete": "false",
                            "tags.%": "0",
                            "vpc_id": "vpc-005e85e28ad6b0b58"
                        },
                        "meta": {
                            "e2bfb730-ecaa-11e6-8f88-34363bc7c4c0": {
                                "create": 600000000000,
                                "delete": 600000000000
                            },
                            "schema_version": "1"
                        },
                        "tainted": false
                    },
                    "deposed": [],
                    "provider": "provider.aws"
                },
                "aws_subnet.private": {
                    "type": "aws_subnet",
                    "depends_on": [
                        "aws_vpc.main"
                    ],
                    "primary": {
                        "id": "subnet-0a4f2a1c39172efcc",
                        "attributes": {
                            "arn": "arn:aws:ec2:eu-west-2:969613056480:subnet/subnet-0a4f2a1c39172efcc",
                            "assign_ipv6_address_on_creation": "false",
                            "availability_zone": "eu-west-2b",
                            "availability_zone_id": "euw2-az3",
                            "cidr_block": "10.0.0.0/24",
                            "id": "subnet-0a4f2a1c39172efcc",
                            "ipv6_cidr_block": "",
                            "ipv6_cidr_block_association_id": "",
                            "map_public_ip_on_launch": "false",
                            "owner_id": "969613056480",
                            "tags.%": "1",
                            "tags.Name": "bal",
                            "vpc_id": "vpc-005e85e28ad6b0b58"
                        },
                        "meta": {
                            "e2bfb730-ecaa-11e6-8f88-34363bc7c4c0": {
                                "create": 600000000000,
                                "delete": 600000000000
                            },
                            "schema_version": "1"
                        },
                        "tainted": false
                    },
                    "deposed": [],
                    "provider": "provider.aws"
                },
                "aws_subnet.public": {
                    "type": "aws_subnet",
                    "depends_on": [
                        "aws_vpc.main"
                    ],
                    "primary": {
                        "id": "subnet-0e9590569d8104da2",
                        "attributes": {
                            "arn": "arn:aws:ec2:eu-west-2:969613056480:subnet/subnet-0e9590569d8104da2",
                            "assign_ipv6_address_on_creation": "false",
                            "availability_zone": "eu-west-2c",
                            "availability_zone_id": "euw2-az1",
                            "cidr_block": "10.0.1.0/24",
                            "id": "subnet-0e9590569d8104da2",
                            "ipv6_cidr_block": "",
                            "ipv6_cidr_block_association_id": "",
                            "map_public_ip_on_launch": "false",
                            "owner_id": "969613056480",
                            "tags.%": "1",
                            "tags.Name": "bal",
                            "vpc_id": "vpc-005e85e28ad6b0b58"
                        },
                        "meta": {
                            "e2bfb730-ecaa-11e6-8f88-34363bc7c4c0": {
                                "create": 600000000000,
                                "delete": 600000000000
                            },
                            "schema_version": "1"
                        },
                        "tainted": false
                    },
                    "deposed": [],
                    "provider": "provider.aws"
                },
                "aws_vpc.main": {
                    "type": "aws_vpc",
                    "depends_on": [],
                    "primary": {
                        "id": "vpc-005e85e28ad6b0b58",
                        "attributes": {
                            "arn": "arn:aws:ec2:eu-west-2:969613056480:vpc/vpc-005e85e28ad6b0b58",
                            "assign_generated_ipv6_cidr_block": "false",
                            "cidr_block": "10.0.0.0/16",
                            "default_network_acl_id": "acl-044b95d748f53c200",
                            "default_route_table_id": "rtb-06b7a71abb30545d0",
                            "default_security_group_id": "sg-096709fad43c68d2c",
                            "dhcp_options_id": "dopt-a77000cf",
                            "enable_dns_hostnames": "true",
                            "enable_dns_support": "true",
                            "id": "vpc-005e85e28ad6b0b58",
                            "instance_tenancy": "default",
                            "ipv6_association_id": "",
                            "ipv6_cidr_block": "",
                            "main_route_table_id": "rtb-06b7a71abb30545d0",
                            "owner_id": "969613056480",
                            "tags.%": "1",
                            "tags.Name": "bal"
                        },
                        "meta": {
                            "schema_version": "1"
                        },
                        "tainted": false
                    },
                    "deposed": [],
                    "provider": "provider.aws"
                }
            },
            "depends_on": []
        }
    ]
}
